
Microsoft Visual Studio Solution File, Format Version 12.00
# Visual Studio Version 17
VisualStudioVersion = 17.1.32421.90
MinimumVisualStudioVersion = 10.0.40219.1
Project("{FAE04EC0-301F-11D3-BF4B-00C04F79EFBC}") = "quad_form", "quad_form.csproj", "{1B873613-DBFA-4EB0-84D9-130296A1169C}"
EndProject
Global
	GlobalSection(SolutionConfigurationPlatforms) = preSolution
		Debug|Any CPU = Debug|Any CPU
		Release|Any CPU = Release|Any CPU
	EndGlobalSection
	GlobalSection(ProjectConfigurationPlatforms) = postSolution
		{1B873613-DBFA-4EB0-84D9-130296A1169C}.Debug|Any CPU.ActiveCfg = Debug|Any CPU
		{1B873613-DBFA-4EB0-84D9-130296A1169C}.Debug|Any CPU.Build.0 = Debug|Any CPU
		{1B873613-DBFA-4EB0-84D9-130296A1169C}.Release|Any CPU.ActiveCfg = Release|Any CPU
		{1B873613-DBFA-4EB0-84D9-130296A1169C}.Release|Any CPU.Build.0 = Release|Any CPU
	EndGlobalSection
	GlobalSection(SolutionProperties) = preSolution
		HideSolutionNode = FALSE
	EndGlobalSection
	GlobalSection(ExtensibilityGlobals) = postSolution
		SolutionGuid = {BFF5E177-9A35-47CF-9DE4-A9A923AA0A6C}
	EndGlobalSection
EndGlobal
